# anchor: tag paper-p4-v1 b83ec8c0838fbea2a4f9f0682e018c4fce023ef8
# artifacts 只增不改守卫：下列历史路径的内容哈希不得改变；新增文件另起新路径（benchmark/ 下须 v2+ 新目录）
345446f563a3b3deb002504732cf72204952104e76c62385ba10bfa89847f508  artifacts/ERRATA.md
068666247065ecb0c9736307c0c505bb90da65e9addbf899a267dd116936b08f  artifacts/README.md
9d2a6a82f623aa2446a5ae77c4b95c06d3d29da90b50a1089e3be9f8099935e1  artifacts/benchmark/FROZEN.md
101477654d98d4d88ba50dc4b73873ca635bb7baff13bb7ae6c69bf4c0ac2d8e  artifacts/benchmark/benchmark_v1_frozen.csv
922179a5719f75ebf127a948e9e00b6e4bc01646e1b9b55665d2504b88f5a699  artifacts/benchmark/disputes.md
a83707e7bda9d784b41ec51e607d4011dd105055d610952cbe275cc7d6950a5c  artifacts/eval/count_oov_targets.py
89e61ec9d255175eb7a76a1da3033f709b28162758568db183a043806c0a80ed  artifacts/eval/derive_s5_attribution.py
c84eadecd240ab7af14ab888081ce6c692ef690c1097c918d37ce31ced121d39  artifacts/eval/oov_targets_report.md
01be1bc69fbdb7f8cb42fde2f11b2e2d6d72f834a5b9424522544ae60158632d  artifacts/eval/run_count_oov_targets.sh
245e08b41a1a509ce01cde5f1d5ccc6955a60081f6b58bc64aa7c52bc04e0fac  artifacts/eval/s4_datapack.md
00f5c3adb1b9e09ac1c9e3e78d2c5906753f0994d05ada08b5245822aa7b9575  artifacts/eval/s5_attribution.md
74ac80a456ff28048333a815b72857fc0c14ff1de0e29cf905feb73f170acae3  artifacts/eval/table4_support.md
9f8788e568a38cb6bfcf617adf6b1d126f1edc8ab107d69f9ca9216d6792307a  artifacts/eval/waypoints.yaml
9519bd91947d6ca0141b488d7e686c66ffe58fb7a89f0e0a5763c5f45aaf4165  artifacts/logs/stress_round4_sanitized.jsonl
519054ee2f08415716e8702e2329a91978aa07090e65b6ef6020d0430121dd07  artifacts/logs/table1_cloud_sanitized.jsonl
34e862ce24c2de34d3c6bb587e03eca49d5c1a46381c4c69ac2255dde6436476  artifacts/logs/table1_edge3b_sanitized.jsonl
e175b25adaa70165128677ab97908081ffdbda536d3735a3dc7bdb57188bf457  artifacts/logs/table1_edge_sanitized.jsonl
d03ed463ccc8e91d7e4c0219d87bcccfbc52270bd5454a6a32dd6b1cd4c01e72  artifacts/logs/table1_fallback2_sanitized.jsonl
2887d822efc70ecc9bea0d9092a6178158a7209020aa0b1933f15568a1278d2c  artifacts/logs/table2_canonical_sanitized.jsonl
e528de0a93b4bb3afa600c21471898091bb39edaa6fe47ca7ca681ed48da0447  artifacts/reports/stress_report_round4.md
57e2f0bb488d815d19d407dd687457533c47882b6218a999383b1ba13559dd7f  artifacts/reports/stress_round4_VERDICT-NOTE.md
7954a79406c8a2d7003d9b647f55369ed64aac48b264fb7d862775280e438c57  artifacts/reports/table2_report_canonical.md
